
Microsoft Visual Studio Solution File, Format Version 12.00
# Visual Studio Version 17
VisualStudioVersion = 17.10.35431.56
MinimumVisualStudioVersion = 10.0.40219.1
Project("{FAE04EC0-301F-11D3-BF4B-00C04F79EFBC}") = "FileMonitoring", "FileMonitoring\FileMonitoring.csproj", "{24AA7EC1-639E-431E-B46B-F55E11B6DEB0}"
EndProject
Global
	GlobalSection(SolutionConfigurationPlatforms) = preSolution
		Debug|Any CPU = Debug|Any CPU
		Release|Any CPU = Release|Any CPU
	EndGlobalSection
	GlobalSection(ProjectConfigurationPlatforms) = postSolution
		{24AA7EC1-639E-431E-B46B-F55E11B6DEB0}.Debug|Any CPU.ActiveCfg = Debug|Any CPU
		{24AA7EC1-639E-431E-B46B-F55E11B6DEB0}.Debug|Any CPU.Build.0 = Debug|Any CPU
		{24AA7EC1-639E-431E-B46B-F55E11B6DEB0}.Release|Any CPU.ActiveCfg = Release|Any CPU
		{24AA7EC1-639E-431E-B46B-F55E11B6DEB0}.Release|Any CPU.Build.0 = Release|Any CPU
	EndGlobalSection
	GlobalSection(SolutionProperties) = preSolution
		HideSolutionNode = FALSE
	EndGlobalSection
	GlobalSection(ExtensibilityGlobals) = postSolution
		SolutionGuid = {31332401-8A2D-46E9-9FEE-3BF5C925FA47}
	EndGlobalSection
EndGlobal
