
Microsoft Visual Studio Solution File, Format Version 12.00
# Visual Studio Version 17
VisualStudioVersion = 17.2.32210.308
MinimumVisualStudioVersion = 10.0.40219.1
Project("{9A19103F-16F7-4668-BE54-9A1E7A4F7556}") = "MyNotes", "MyNotes\MyNotes.csproj", "{B0D931FF-D52C-40BB-BC23-D00ADE45B84D}"
EndProject
Project("{FAE04EC0-301F-11D3-BF4B-00C04F79EFBC}") = "DataAccess", "DataAccess\DataAccess.csproj", "{18A99C83-8E02-4509-85C6-E76B8D212D54}"
EndProject
Project("{00D1A9C2-B5F0-4AF3-8072-F6C62B433612}") = "UserDb", "UserDb\UserDb.sqlproj", "{D4145B7F-9936-41C9-9BAC-B644BBDEFD40}"
EndProject
Global
	GlobalSection(SolutionConfigurationPlatforms) = preSolution
		Debug|Any CPU = Debug|Any CPU
		Release|Any CPU = Release|Any CPU
	EndGlobalSection
	GlobalSection(ProjectConfigurationPlatforms) = postSolution
		{B0D931FF-D52C-40BB-BC23-D00ADE45B84D}.Debug|Any CPU.ActiveCfg = Debug|Any CPU
		{B0D931FF-D52C-40BB-BC23-D00ADE45B84D}.Debug|Any CPU.Build.0 = Debug|Any CPU
		{B0D931FF-D52C-40BB-BC23-D00ADE45B84D}.Release|Any CPU.ActiveCfg = Release|Any CPU
		{B0D931FF-D52C-40BB-BC23-D00ADE45B84D}.Release|Any CPU.Build.0 = Release|Any CPU
		{18A99C83-8E02-4509-85C6-E76B8D212D54}.Debug|Any CPU.ActiveCfg = Debug|Any CPU
		{18A99C83-8E02-4509-85C6-E76B8D212D54}.Debug|Any CPU.Build.0 = Debug|Any CPU
		{18A99C83-8E02-4509-85C6-E76B8D212D54}.Release|Any CPU.ActiveCfg = Release|Any CPU
		{18A99C83-8E02-4509-85C6-E76B8D212D54}.Release|Any CPU.Build.0 = Release|Any CPU
		{D4145B7F-9936-41C9-9BAC-B644BBDEFD40}.Debug|Any CPU.ActiveCfg = Debug|Any CPU
		{D4145B7F-9936-41C9-9BAC-B644BBDEFD40}.Debug|Any CPU.Build.0 = Debug|Any CPU
		{D4145B7F-9936-41C9-9BAC-B644BBDEFD40}.Debug|Any CPU.Deploy.0 = Debug|Any CPU
		{D4145B7F-9936-41C9-9BAC-B644BBDEFD40}.Release|Any CPU.ActiveCfg = Release|Any CPU
		{D4145B7F-9936-41C9-9BAC-B644BBDEFD40}.Release|Any CPU.Build.0 = Release|Any CPU
		{D4145B7F-9936-41C9-9BAC-B644BBDEFD40}.Release|Any CPU.Deploy.0 = Release|Any CPU
	EndGlobalSection
	GlobalSection(SolutionProperties) = preSolution
		HideSolutionNode = FALSE
	EndGlobalSection
	GlobalSection(ExtensibilityGlobals) = postSolution
		SolutionGuid = {1ADB2122-B0D3-4286-BB29-D548F1A9F16D}
	EndGlobalSection
EndGlobal
