
Microsoft Visual Studio Solution File, Format Version 12.00
# Visual Studio Version 17
VisualStudioVersion = 17.0.32014.148
MinimumVisualStudioVersion = 10.0.40219.1
Project("{9A19103F-16F7-4668-BE54-9A1E7A4F7556}") = "MinimalAPI", "MinimalAPI\MinimalAPI.csproj", "{F558F875-8FE8-47A0-997D-F18C68CE0C1A}"
EndProject
Project("{00D1A9C2-B5F0-4AF3-8072-F6C62B433612}") = "UserDB", "UserDB\UserDB.sqlproj", "{07142D34-EC99-492B-B0BB-774F9898DD10}"
EndProject
Project("{FAE04EC0-301F-11D3-BF4B-00C04F79EFBC}") = "DataAccess", "DataAccess\DataAccess.csproj", "{1A757A92-7354-4AEE-ADD9-082415D6927D}"
EndProject
Project("{2150E333-8FDC-42A3-9474-1A3956D46DE8}") = "Solution Items", "Solution Items", "{D0FDE4AA-FEF3-4EDC-B14A-1F3B2B68D134}"
	ProjectSection(SolutionItems) = preProject
		.editorconfig = .editorconfig
	EndProjectSection
EndProject
Global
	GlobalSection(SolutionConfigurationPlatforms) = preSolution
		Debug|Any CPU = Debug|Any CPU
		Release|Any CPU = Release|Any CPU
	EndGlobalSection
	GlobalSection(ProjectConfigurationPlatforms) = postSolution
		{F558F875-8FE8-47A0-997D-F18C68CE0C1A}.Debug|Any CPU.ActiveCfg = Debug|Any CPU
		{F558F875-8FE8-47A0-997D-F18C68CE0C1A}.Debug|Any CPU.Build.0 = Debug|Any CPU
		{F558F875-8FE8-47A0-997D-F18C68CE0C1A}.Release|Any CPU.ActiveCfg = Release|Any CPU
		{F558F875-8FE8-47A0-997D-F18C68CE0C1A}.Release|Any CPU.Build.0 = Release|Any CPU
		{07142D34-EC99-492B-B0BB-774F9898DD10}.Debug|Any CPU.ActiveCfg = Debug|Any CPU
		{07142D34-EC99-492B-B0BB-774F9898DD10}.Debug|Any CPU.Build.0 = Debug|Any CPU
		{07142D34-EC99-492B-B0BB-774F9898DD10}.Debug|Any CPU.Deploy.0 = Debug|Any CPU
		{07142D34-EC99-492B-B0BB-774F9898DD10}.Release|Any CPU.ActiveCfg = Release|Any CPU
		{07142D34-EC99-492B-B0BB-774F9898DD10}.Release|Any CPU.Build.0 = Release|Any CPU
		{07142D34-EC99-492B-B0BB-774F9898DD10}.Release|Any CPU.Deploy.0 = Release|Any CPU
		{1A757A92-7354-4AEE-ADD9-082415D6927D}.Debug|Any CPU.ActiveCfg = Debug|Any CPU
		{1A757A92-7354-4AEE-ADD9-082415D6927D}.Debug|Any CPU.Build.0 = Debug|Any CPU
		{1A757A92-7354-4AEE-ADD9-082415D6927D}.Release|Any CPU.ActiveCfg = Release|Any CPU
		{1A757A92-7354-4AEE-ADD9-082415D6927D}.Release|Any CPU.Build.0 = Release|Any CPU
	EndGlobalSection
	GlobalSection(SolutionProperties) = preSolution
		HideSolutionNode = FALSE
	EndGlobalSection
	GlobalSection(ExtensibilityGlobals) = postSolution
		SolutionGuid = {B7CBFFED-6186-443B-9C78-D7899BF72245}
	EndGlobalSection
EndGlobal
