
Microsoft Visual Studio Solution File, Format Version 12.00
# Visual Studio Version 17
VisualStudioVersion = 17.8.34701.33
MinimumVisualStudioVersion = 10.0.40219.1
Project("{FAE04EC0-301F-11D3-BF4B-00C04F79EFBC}") = "PostmanCloneLibrary", "PostmanCloneLibrary\PostmanCloneLibrary.csproj", "{1AD87F28-A143-4B3C-A5CE-2F54C44FE0D2}"
EndProject
Project("{FAE04EC0-301F-11D3-BF4B-00C04F79EFBC}") = "PostmanCloneUI", "PostmanCloneUI\PostmanCloneUI.csproj", "{AFB3ABCE-924B-4EFB-939E-455A31B57BBD}"
EndProject
Global
	GlobalSection(SolutionConfigurationPlatforms) = preSolution
		Debug|Any CPU = Debug|Any CPU
		Release|Any CPU = Release|Any CPU
	EndGlobalSection
	GlobalSection(ProjectConfigurationPlatforms) = postSolution
		{1AD87F28-A143-4B3C-A5CE-2F54C44FE0D2}.Debug|Any CPU.ActiveCfg = Debug|Any CPU
		{1AD87F28-A143-4B3C-A5CE-2F54C44FE0D2}.Debug|Any CPU.Build.0 = Debug|Any CPU
		{1AD87F28-A143-4B3C-A5CE-2F54C44FE0D2}.Release|Any CPU.ActiveCfg = Release|Any CPU
		{1AD87F28-A143-4B3C-A5CE-2F54C44FE0D2}.Release|Any CPU.Build.0 = Release|Any CPU
		{AFB3ABCE-924B-4EFB-939E-455A31B57BBD}.Debug|Any CPU.ActiveCfg = Debug|Any CPU
		{AFB3ABCE-924B-4EFB-939E-455A31B57BBD}.Debug|Any CPU.Build.0 = Debug|Any CPU
		{AFB3ABCE-924B-4EFB-939E-455A31B57BBD}.Release|Any CPU.ActiveCfg = Release|Any CPU
		{AFB3ABCE-924B-4EFB-939E-455A31B57BBD}.Release|Any CPU.Build.0 = Release|Any CPU
	EndGlobalSection
	GlobalSection(SolutionProperties) = preSolution
		HideSolutionNode = FALSE
	EndGlobalSection
	GlobalSection(ExtensibilityGlobals) = postSolution
		SolutionGuid = {C700C441-3B96-4470-A008-491FD7018FB3}
	EndGlobalSection
EndGlobal
