
Microsoft Visual Studio Solution File, Format Version 12.00
# Visual Studio Version 17
VisualStudioVersion = 17.10.34916.146
MinimumVisualStudioVersion = 10.0.40219.1
Project("{FAE04EC0-301F-11D3-BF4B-00C04F79EFBC}") = "Host", "Host\Host.csproj", "{773E9F9E-C54B-412D-9F6D-FF57FF7870C9}"
EndProject
Project("{FAE04EC0-301F-11D3-BF4B-00C04F79EFBC}") = "Client", "Client\Client.csproj", "{473E372F-AA77-4D93-8F9A-5B3A0E928300}"
EndProject
Global
	GlobalSection(SolutionConfigurationPlatforms) = preSolution
		Debug|Any CPU = Debug|Any CPU
		Release|Any CPU = Release|Any CPU
	EndGlobalSection
	GlobalSection(ProjectConfigurationPlatforms) = postSolution
		{773E9F9E-C54B-412D-9F6D-FF57FF7870C9}.Debug|Any CPU.ActiveCfg = Debug|Any CPU
		{773E9F9E-C54B-412D-9F6D-FF57FF7870C9}.Debug|Any CPU.Build.0 = Debug|Any CPU
		{773E9F9E-C54B-412D-9F6D-FF57FF7870C9}.Release|Any CPU.ActiveCfg = Release|Any CPU
		{773E9F9E-C54B-412D-9F6D-FF57FF7870C9}.Release|Any CPU.Build.0 = Release|Any CPU
		{473E372F-AA77-4D93-8F9A-5B3A0E928300}.Debug|Any CPU.ActiveCfg = Debug|Any CPU
		{473E372F-AA77-4D93-8F9A-5B3A0E928300}.Debug|Any CPU.Build.0 = Debug|Any CPU
		{473E372F-AA77-4D93-8F9A-5B3A0E928300}.Release|Any CPU.ActiveCfg = Release|Any CPU
		{473E372F-AA77-4D93-8F9A-5B3A0E928300}.Release|Any CPU.Build.0 = Release|Any CPU
	EndGlobalSection
	GlobalSection(SolutionProperties) = preSolution
		HideSolutionNode = FALSE
	EndGlobalSection
	GlobalSection(ExtensibilityGlobals) = postSolution
		SolutionGuid = {72265C40-F39D-4063-8688-AC7D1115EE85}
	EndGlobalSection
EndGlobal
